// !$*UTF8*$!
{
	archiveVersion = 1;
	classes = {
	};
	objectVersion = 51;
	objects = {

/* Begin PBXBuildFile section */
		0739B3552404D1090009236A /* UITableView+LCXReuseViewID.m in Sources */ = {isa = PBXBuildFile; fileRef = 0739B3542404D1090009236A /* UITableView+LCXReuseViewID.m */; };
		07430C8E23BDC7280069C88C /* AreaModel.m in Sources */ = {isa = PBXBuildFile; fileRef = 07430C8D23BDC7280069C88C /* AreaModel.m */; };
		07430C9523BDED000069C88C /* LCXTableBlockDelegate.m in Sources */ = {isa = PBXBuildFile; fileRef = 07430C9423BDED000069C88C /* LCXTableBlockDelegate.m */; };
		07430CA223BDF8BA0069C88C /* TableViewsVC.m in Sources */ = {isa = PBXBuildFile; fileRef = 07430CA123BDF8BA0069C88C /* TableViewsVC.m */; };
		074D4AA723B0BB95000125C3 /* UIView+LCXActionBlock.m in Sources */ = {isa = PBXBuildFile; fileRef = 074D4AA623B0BB95000125C3 /* UIView+LCXActionBlock.m */; };
		074D4AB523B0C513000125C3 /* SecondDetailViewController.m in Sources */ = {isa = PBXBuildFile; fileRef = 074D4AB323B0C513000125C3 /* SecondDetailViewController.m */; };
		074D4AB623B0C513000125C3 /* SecondDetailViewController.xib in Resources */ = {isa = PBXBuildFile; fileRef = 074D4AB423B0C513000125C3 /* SecondDetailViewController.xib */; };
		074E700523ACA2DE00B043D1 /* AppDelegate.m in Sources */ = {isa = PBXBuildFile; fileRef = 074E700423ACA2DE00B043D1 /* AppDelegate.m */; };
		074E700B23ACA2DE00B043D1 /* MoreDataTableViewVC.m in Sources */ = {isa = PBXBuildFile; fileRef = 074E700A23ACA2DE00B043D1 /* MoreDataTableViewVC.m */; };
		074E700E23ACA2DE00B043D1 /* Main.storyboard in Resources */ = {isa = PBXBuildFile; fileRef = 074E700C23ACA2DE00B043D1 /* Main.storyboard */; };
		074E701023ACA2DF00B043D1 /* Assets.xcassets in Resources */ = {isa = PBXBuildFile; fileRef = 074E700F23ACA2DF00B043D1 /* Assets.xcassets */; };
		074E701323ACA2DF00B043D1 /* LaunchScreen.storyboard in Resources */ = {isa = PBXBuildFile; fileRef = 074E701123ACA2DF00B043D1 /* LaunchScreen.storyboard */; };
		074E701623ACA2DF00B043D1 /* main.m in Sources */ = {isa = PBXBuildFile; fileRef = 074E701523ACA2DF00B043D1 /* main.m */; };
		074E702223ACA58300B043D1 /* UITableView+LCXRegisterCellClasses.m in Sources */ = {isa = PBXBuildFile; fileRef = 074E702023ACA58300B043D1 /* UITableView+LCXRegisterCellClasses.m */; };
		07B0F07C23C2D06900CA8156 /* LCXNoNetworkView+Style.m in Sources */ = {isa = PBXBuildFile; fileRef = 07B0F07B23C2D06900CA8156 /* LCXNoNetworkView+Style.m */; };
		07B0F07F23C2DA1200CA8156 /* LCXDataNullView+Style.m in Sources */ = {isa = PBXBuildFile; fileRef = 07B0F07E23C2DA1200CA8156 /* LCXDataNullView+Style.m */; };
		07B0F08923C3081D00CA8156 /* LCXTableDoubleDelegate.m in Sources */ = {isa = PBXBuildFile; fileRef = 07B0F08823C3081D00CA8156 /* LCXTableDoubleDelegate.m */; };
		07B0F08F23C30A2000CA8156 /* NSObject+LCXListModel.m in Sources */ = {isa = PBXBuildFile; fileRef = 07B0F08E23C30A2000CA8156 /* NSObject+LCXListModel.m */; };
		07B0F09523C31A1800CA8156 /* DoubleDelegateTableViewVC.m in Sources */ = {isa = PBXBuildFile; fileRef = 07B0F09423C31A1800CA8156 /* DoubleDelegateTableViewVC.m */; };
		07B154AF23B1A8840080ED99 /* LCXTableViewCell.m in Sources */ = {isa = PBXBuildFile; fileRef = 07B154AE23B1A8840080ED99 /* LCXTableViewCell.m */; };
		07B154B823B1C0740080ED99 /* UITableView+LCXHandleActionCell.m in Sources */ = {isa = PBXBuildFile; fileRef = 07B154B723B1C0740080ED99 /* UITableView+LCXHandleActionCell.m */; };
		07B154BC23B1F6ED0080ED99 /* TitleSelectView.m in Sources */ = {isa = PBXBuildFile; fileRef = 07B154BB23B1F6EC0080ED99 /* TitleSelectView.m */; };
		07B154C023B201770080ED99 /* NSObject+LCXDataNull.m in Sources */ = {isa = PBXBuildFile; fileRef = 07B154BE23B201770080ED99 /* NSObject+LCXDataNull.m */; };
		07B154C623B203D20080ED99 /* noNetWork@2x.png in Resources */ = {isa = PBXBuildFile; fileRef = 07B154C423B203D20080ED99 /* noNetWork@2x.png */; };
		07B154C723B203D20080ED99 /* noData@2x.png in Resources */ = {isa = PBXBuildFile; fileRef = 07B154C523B203D20080ED99 /* noData@2x.png */; };
		07B154CB23B21D6B0080ED99 /* NSObject+LCXNoNetWork.m in Sources */ = {isa = PBXBuildFile; fileRef = 07B154CA23B21D6B0080ED99 /* NSObject+LCXNoNetWork.m */; };
		07B17EBD23B4478C00AAE828 /* UIView+LCXMasonry.m in Sources */ = {isa = PBXBuildFile; fileRef = 07B17EBC23B4478C00AAE828 /* UIView+LCXMasonry.m */; };
		07B17EC823B4607900AAE828 /* UIScrollView+LCXRefresh.m in Sources */ = {isa = PBXBuildFile; fileRef = 07B17EC723B4607900AAE828 /* UIScrollView+LCXRefresh.m */; };
		07B17ED223B4C3D500AAE828 /* NSMutableArray+LCXHandleMoreData.m in Sources */ = {isa = PBXBuildFile; fileRef = 07B17ED123B4C3D500AAE828 /* NSMutableArray+LCXHandleMoreData.m */; };
		07B2EC1D23BB280E007102F0 /* BlockDelegateTableViewVC.m in Sources */ = {isa = PBXBuildFile; fileRef = 07B2EC1C23BB280E007102F0 /* BlockDelegateTableViewVC.m */; };
		07B30E0723BD9224008348E6 /* LCXNoNetworkView.m in Sources */ = {isa = PBXBuildFile; fileRef = 07B30E0523BD9224008348E6 /* LCXNoNetworkView.m */; };
		07B30E0A23BD9319008348E6 /* LCXDataNullView.m in Sources */ = {isa = PBXBuildFile; fileRef = 07B30E0823BD9319008348E6 /* LCXDataNullView.m */; };
		07B30E1123BD98AB008348E6 /* UIView+LCXDataArray.m in Sources */ = {isa = PBXBuildFile; fileRef = 07B30E1023BD98AA008348E6 /* UIView+LCXDataArray.m */; };
		07B30E1423BDC127008348E6 /* AreaCell.m in Sources */ = {isa = PBXBuildFile; fileRef = 07B30E1323BDC127008348E6 /* AreaCell.m */; };
		07C78C8023B5EAE300AA2924 /* NSObject+LCXDataNullViewHandle.m in Sources */ = {isa = PBXBuildFile; fileRef = 07C78C7F23B5EAE300AA2924 /* NSObject+LCXDataNullViewHandle.m */; };
		07C78C8323B5EF6A00AA2924 /* NSObject+LCXNoNetworkViewHandle.m in Sources */ = {isa = PBXBuildFile; fileRef = 07C78C8223B5EF6A00AA2924 /* NSObject+LCXNoNetworkViewHandle.m */; };
		07C78C8623B5F30C00AA2924 /* UITableView+LCXScroll.m in Sources */ = {isa = PBXBuildFile; fileRef = 07C78C8523B5F30C00AA2924 /* UITableView+LCXScroll.m */; };
		07C78C8923B5FC4100AA2924 /* ViewController.m in Sources */ = {isa = PBXBuildFile; fileRef = 07C78C8823B5FC4100AA2924 /* ViewController.m */; };
		07E0A57223ACAAB400D30ADA /* LCXInitTableView.m in Sources */ = {isa = PBXBuildFile; fileRef = 07E0A57123ACAAB400D30ADA /* LCXInitTableView.m */; };
		07E0A57923ACAF2A00D30ADA /* FirstTableViewCell.m in Sources */ = {isa = PBXBuildFile; fileRef = 07E0A57823ACAF2A00D30ADA /* FirstTableViewCell.m */; };
		07E0A57C23ACAF3B00D30ADA /* SecondTableViewCell.m in Sources */ = {isa = PBXBuildFile; fileRef = 07E0A57B23ACAF3B00D30ADA /* SecondTableViewCell.m */; };
		07E0A59023ACBE4B00D30ADA /* DetailViewController.m in Sources */ = {isa = PBXBuildFile; fileRef = 07E0A58E23ACBE4B00D30ADA /* DetailViewController.m */; };
		07E0A59123ACBE4B00D30ADA /* DetailViewController.xib in Resources */ = {isa = PBXBuildFile; fileRef = 07E0A58F23ACBE4B00D30ADA /* DetailViewController.xib */; };
		07E0A59423ACC60200D30ADA /* ViewModel.m in Sources */ = {isa = PBXBuildFile; fileRef = 07E0A59323ACC60200D30ADA /* ViewModel.m */; };
		07E0A59723ACC62500D30ADA /* Model.m in Sources */ = {isa = PBXBuildFile; fileRef = 07E0A59623ACC62500D30ADA /* Model.m */; };
		07E0A59A23ACCE5C00D30ADA /* RequestViewModel.m in Sources */ = {isa = PBXBuildFile; fileRef = 07E0A59923ACCE5C00D30ADA /* RequestViewModel.m */; };
		555ABC0FD6A72665DE7049E2 /* libPods-MVVMTableView.a in Frameworks */ = {isa = PBXBuildFile; fileRef = DB8740FE3B6706234FBA54F2 /* libPods-MVVMTableView.a */; };
/* End PBXBuildFile section */

/* Begin PBXFileReference section */
		0739B3532404D1090009236A /* UITableView+LCXReuseViewID.h */ = {isa = PBXFileReference; lastKnownFileType = sourcecode.c.h; path = "UITableView+LCXReuseViewID.h"; sourceTree = "<group>"; };
		0739B3542404D1090009236A /* UITableView+LCXReuseViewID.m */ = {isa = PBXFileReference; lastKnownFileType = sourcecode.c.objc; path = "UITableView+LCXReuseViewID.m"; sourceTree = "<group>"; };
		07430C8C23BDC7280069C88C /* AreaModel.h */ = {isa = PBXFileReference; lastKnownFileType = sourcecode.c.h; path = AreaModel.h; sourceTree = "<group>"; };
		07430C8D23BDC7280069C88C /* AreaModel.m */ = {isa = PBXFileReference; lastKnownFileType = sourcecode.c.objc; path = AreaModel.m; sourceTree = "<group>"; };
		07430C9323BDED000069C88C /* LCXTableBlockDelegate.h */ = {isa = PBXFileReference; lastKnownFileType = sourcecode.c.h; path = LCXTableBlockDelegate.h; sourceTree = "<group>"; };
		07430C9423BDED000069C88C /* LCXTableBlockDelegate.m */ = {isa = PBXFileReference; lastKnownFileType = sourcecode.c.objc; path = LCXTableBlockDelegate.m; sourceTree = "<group>"; };
		07430CA023BDF8BA0069C88C /* TableViewsVC.h */ = {isa = PBXFileReference; lastKnownFileType = sourcecode.c.h; path = TableViewsVC.h; sourceTree = "<group>"; };
		07430CA123BDF8BA0069C88C /* TableViewsVC.m */ = {isa = PBXFileReference; lastKnownFileType = sourcecode.c.objc; path = TableViewsVC.m; sourceTree = "<group>"; };
		074D4AA523B0BB95000125C3 /* UIView+LCXActionBlock.h */ = {isa = PBXFileReference; lastKnownFileType = sourcecode.c.h; path = "UIView+LCXActionBlock.h"; sourceTree = "<group>"; };
		074D4AA623B0BB95000125C3 /* UIView+LCXActionBlock.m */ = {isa = PBXFileReference; lastKnownFileType = sourcecode.c.objc; path = "UIView+LCXActionBlock.m"; sourceTree = "<group>"; };
		074D4AB223B0C513000125C3 /* SecondDetailViewController.h */ = {isa = PBXFileReference; lastKnownFileType = sourcecode.c.h; path = SecondDetailViewController.h; sourceTree = "<group>"; };
		074D4AB323B0C513000125C3 /* SecondDetailViewController.m */ = {isa = PBXFileReference; lastKnownFileType = sourcecode.c.objc; path = SecondDetailViewController.m; sourceTree = "<group>"; };
		074D4AB423B0C513000125C3 /* SecondDetailViewController.xib */ = {isa = PBXFileReference; lastKnownFileType = file.xib; path = SecondDetailViewController.xib; sourceTree = "<group>"; };
		074E700023ACA2DE00B043D1 /* MVVMTableView.app */ = {isa = PBXFileReference; explicitFileType = wrapper.application; includeInIndex = 0; path = MVVMTableView.app; sourceTree = BUILT_PRODUCTS_DIR; };
		074E700323ACA2DE00B043D1 /* AppDelegate.h */ = {isa = PBXFileReference; lastKnownFileType = sourcecode.c.h; path = AppDelegate.h; sourceTree = "<group>"; };
		074E700423ACA2DE00B043D1 /* AppDelegate.m */ = {isa = PBXFileReference; lastKnownFileType = sourcecode.c.objc; path = AppDelegate.m; sourceTree = "<group>"; };
		074E700923ACA2DE00B043D1 /* MoreDataTableViewVC.h */ = {isa = PBXFileReference; lastKnownFileType = sourcecode.c.h; path = MoreDataTableViewVC.h; sourceTree = "<group>"; };
		074E700A23ACA2DE00B043D1 /* MoreDataTableViewVC.m */ = {isa = PBXFileReference; lastKnownFileType = sourcecode.c.objc; path = MoreDataTableViewVC.m; sourceTree = "<group>"; };
		074E700D23ACA2DE00B043D1 /* Base */ = {isa = PBXFileReference; lastKnownFileType = file.storyboard; name = Base; path = Base.lproj/Main.storyboard; sourceTree = "<group>"; };
		074E700F23ACA2DF00B043D1 /* Assets.xcassets */ = {isa = PBXFileReference; lastKnownFileType = folder.assetcatalog; path = Assets.xcassets; sourceTree = "<group>"; };
		074E701223ACA2DF00B043D1 /* Base */ = {isa = PBXFileReference; lastKnownFileType = file.storyboard; name = Base; path = Base.lproj/LaunchScreen.storyboard; sourceTree = "<group>"; };
		074E701423ACA2DF00B043D1 /* Info.plist */ = {isa = PBXFileReference; lastKnownFileType = text.plist.xml; path = Info.plist; sourceTree = "<group>"; };
		074E701523ACA2DF00B043D1 /* main.m */ = {isa = PBXFileReference; lastKnownFileType = sourcecode.c.objc; path = main.m; sourceTree = "<group>"; };
		074E701E23ACA58300B043D1 /* UITableView+LCXRegisterCellClasses.h */ = {isa = PBXFileReference; fileEncoding = 4; lastKnownFileType = sourcecode.c.h; path = "UITableView+LCXRegisterCellClasses.h"; sourceTree = "<group>"; };
		074E702023ACA58300B043D1 /* UITableView+LCXRegisterCellClasses.m */ = {isa = PBXFileReference; fileEncoding = 4; lastKnownFileType = sourcecode.c.objc; path = "UITableView+LCXRegisterCellClasses.m"; sourceTree = "<group>"; };
		07568CF323C47D1900452AFE /* LCXRefresh.h */ = {isa = PBXFileReference; lastKnownFileType = sourcecode.c.h; path = LCXRefresh.h; sourceTree = "<group>"; };
		07568CF423C47EB900452AFE /* LCXTableViewKit.h */ = {isa = PBXFileReference; lastKnownFileType = sourcecode.c.h; path = LCXTableViewKit.h; sourceTree = "<group>"; };
		07568CF623C47FA600452AFE /* LCXViewKit.h */ = {isa = PBXFileReference; lastKnownFileType = sourcecode.c.h; path = LCXViewKit.h; sourceTree = "<group>"; };
		07B0F07A23C2D06900CA8156 /* LCXNoNetworkView+Style.h */ = {isa = PBXFileReference; lastKnownFileType = sourcecode.c.h; path = "LCXNoNetworkView+Style.h"; sourceTree = "<group>"; };
		07B0F07B23C2D06900CA8156 /* LCXNoNetworkView+Style.m */ = {isa = PBXFileReference; lastKnownFileType = sourcecode.c.objc; path = "LCXNoNetworkView+Style.m"; sourceTree = "<group>"; };
		07B0F07D23C2DA1200CA8156 /* LCXDataNullView+Style.h */ = {isa = PBXFileReference; lastKnownFileType = sourcecode.c.h; path = "LCXDataNullView+Style.h"; sourceTree = "<group>"; };
		07B0F07E23C2DA1200CA8156 /* LCXDataNullView+Style.m */ = {isa = PBXFileReference; lastKnownFileType = sourcecode.c.objc; path = "LCXDataNullView+Style.m"; sourceTree = "<group>"; };
		07B0F08723C3081D00CA8156 /* LCXTableDoubleDelegate.h */ = {isa = PBXFileReference; lastKnownFileType = sourcecode.c.h; path = LCXTableDoubleDelegate.h; sourceTree = "<group>"; };
		07B0F08823C3081D00CA8156 /* LCXTableDoubleDelegate.m */ = {isa = PBXFileReference; lastKnownFileType = sourcecode.c.objc; path = LCXTableDoubleDelegate.m; sourceTree = "<group>"; };
		07B0F08D23C30A2000CA8156 /* NSObject+LCXListModel.h */ = {isa = PBXFileReference; lastKnownFileType = sourcecode.c.h; path = "NSObject+LCXListModel.h"; sourceTree = "<group>"; };
		07B0F08E23C30A2000CA8156 /* NSObject+LCXListModel.m */ = {isa = PBXFileReference; lastKnownFileType = sourcecode.c.objc; path = "NSObject+LCXListModel.m"; sourceTree = "<group>"; };
		07B0F09323C31A1800CA8156 /* DoubleDelegateTableViewVC.h */ = {isa = PBXFileReference; lastKnownFileType = sourcecode.c.h; path = DoubleDelegateTableViewVC.h; sourceTree = "<group>"; };
		07B0F09423C31A1800CA8156 /* DoubleDelegateTableViewVC.m */ = {isa = PBXFileReference; lastKnownFileType = sourcecode.c.objc; path = DoubleDelegateTableViewVC.m; sourceTree = "<group>"; };
		07B154AD23B1A8840080ED99 /* LCXTableViewCell.h */ = {isa = PBXFileReference; lastKnownFileType = sourcecode.c.h; path = LCXTableViewCell.h; sourceTree = "<group>"; };
		07B154AE23B1A8840080ED99 /* LCXTableViewCell.m */ = {isa = PBXFileReference; lastKnownFileType = sourcecode.c.objc; path = LCXTableViewCell.m; sourceTree = "<group>"; };
		07B154B623B1C0740080ED99 /* UITableView+LCXHandleActionCell.h */ = {isa = PBXFileReference; lastKnownFileType = sourcecode.c.h; path = "UITableView+LCXHandleActionCell.h"; sourceTree = "<group>"; };
		07B154B723B1C0740080ED99 /* UITableView+LCXHandleActionCell.m */ = {isa = PBXFileReference; lastKnownFileType = sourcecode.c.objc; path = "UITableView+LCXHandleActionCell.m"; sourceTree = "<group>"; };
		07B154BA23B1F6EC0080ED99 /* TitleSelectView.h */ = {isa = PBXFileReference; fileEncoding = 4; lastKnownFileType = sourcecode.c.h; path = TitleSelectView.h; sourceTree = "<group>"; };
		07B154BB23B1F6EC0080ED99 /* TitleSelectView.m */ = {isa = PBXFileReference; fileEncoding = 4; lastKnownFileType = sourcecode.c.objc; path = TitleSelectView.m; sourceTree = "<group>"; };
		07B154BE23B201770080ED99 /* NSObject+LCXDataNull.m */ = {isa = PBXFileReference; fileEncoding = 4; lastKnownFileType = sourcecode.c.objc; path = "NSObject+LCXDataNull.m"; sourceTree = "<group>"; };
		07B154BF23B201770080ED99 /* NSObject+LCXDataNull.h */ = {isa = PBXFileReference; fileEncoding = 4; lastKnownFileType = sourcecode.c.h; path = "NSObject+LCXDataNull.h"; sourceTree = "<group>"; };
		07B154C423B203D20080ED99 /* noNetWork@2x.png */ = {isa = PBXFileReference; lastKnownFileType = image.png; path = "noNetWork@2x.png"; sourceTree = "<group>"; };
		07B154C523B203D20080ED99 /* noData@2x.png */ = {isa = PBXFileReference; lastKnownFileType = image.png; path = "noData@2x.png"; sourceTree = "<group>"; };
		07B154C923B21D6B0080ED99 /* NSObject+LCXNoNetWork.h */ = {isa = PBXFileReference; fileEncoding = 4; lastKnownFileType = sourcecode.c.h; path = "NSObject+LCXNoNetWork.h"; sourceTree = "<group>"; };
		07B154CA23B21D6B0080ED99 /* NSObject+LCXNoNetWork.m */ = {isa = PBXFileReference; fileEncoding = 4; lastKnownFileType = sourcecode.c.objc; path = "NSObject+LCXNoNetWork.m"; sourceTree = "<group>"; };
		07B17EBB23B4478C00AAE828 /* UIView+LCXMasonry.h */ = {isa = PBXFileReference; lastKnownFileType = sourcecode.c.h; path = "UIView+LCXMasonry.h"; sourceTree = "<group>"; };
		07B17EBC23B4478C00AAE828 /* UIView+LCXMasonry.m */ = {isa = PBXFileReference; lastKnownFileType = sourcecode.c.objc; path = "UIView+LCXMasonry.m"; sourceTree = "<group>"; };
		07B17EC623B4607900AAE828 /* UIScrollView+LCXRefresh.h */ = {isa = PBXFileReference; lastKnownFileType = sourcecode.c.h; path = "UIScrollView+LCXRefresh.h"; sourceTree = "<group>"; };
		07B17EC723B4607900AAE828 /* UIScrollView+LCXRefresh.m */ = {isa = PBXFileReference; lastKnownFileType = sourcecode.c.objc; path = "UIScrollView+LCXRefresh.m"; sourceTree = "<group>"; };
		07B17ED023B4C3D500AAE828 /* NSMutableArray+LCXHandleMoreData.h */ = {isa = PBXFileReference; lastKnownFileType = sourcecode.c.h; path = "NSMutableArray+LCXHandleMoreData.h"; sourceTree = "<group>"; };
		07B17ED123B4C3D500AAE828 /* NSMutableArray+LCXHandleMoreData.m */ = {isa = PBXFileReference; lastKnownFileType = sourcecode.c.objc; path = "NSMutableArray+LCXHandleMoreData.m"; sourceTree = "<group>"; };
		07B2EC1B23BB280E007102F0 /* BlockDelegateTableViewVC.h */ = {isa = PBXFileReference; lastKnownFileType = sourcecode.c.h; path = BlockDelegateTableViewVC.h; sourceTree = "<group>"; };
		07B2EC1C23BB280E007102F0 /* BlockDelegateTableViewVC.m */ = {isa = PBXFileReference; lastKnownFileType = sourcecode.c.objc; path = BlockDelegateTableViewVC.m; sourceTree = "<group>"; };
		07B30E0523BD9224008348E6 /* LCXNoNetworkView.m */ = {isa = PBXFileReference; fileEncoding = 4; lastKnownFileType = sourcecode.c.objc; path = LCXNoNetworkView.m; sourceTree = "<group>"; };
		07B30E0623BD9224008348E6 /* LCXNoNetworkView.h */ = {isa = PBXFileReference; fileEncoding = 4; lastKnownFileType = sourcecode.c.h; path = LCXNoNetworkView.h; sourceTree = "<group>"; };
		07B30E0823BD9319008348E6 /* LCXDataNullView.m */ = {isa = PBXFileReference; fileEncoding = 4; lastKnownFileType = sourcecode.c.objc; path = LCXDataNullView.m; sourceTree = "<group>"; };
		07B30E0923BD9319008348E6 /* LCXDataNullView.h */ = {isa = PBXFileReference; fileEncoding = 4; lastKnownFileType = sourcecode.c.h; path = LCXDataNullView.h; sourceTree = "<group>"; };
		07B30E0F23BD98AA008348E6 /* UIView+LCXDataArray.h */ = {isa = PBXFileReference; lastKnownFileType = sourcecode.c.h; path = "UIView+LCXDataArray.h"; sourceTree = "<group>"; };
		07B30E1023BD98AA008348E6 /* UIView+LCXDataArray.m */ = {isa = PBXFileReference; lastKnownFileType = sourcecode.c.objc; path = "UIView+LCXDataArray.m"; sourceTree = "<group>"; };
		07B30E1223BDC127008348E6 /* AreaCell.h */ = {isa = PBXFileReference; lastKnownFileType = sourcecode.c.h; path = AreaCell.h; sourceTree = "<group>"; };
		07B30E1323BDC127008348E6 /* AreaCell.m */ = {isa = PBXFileReference; lastKnownFileType = sourcecode.c.objc; path = AreaCell.m; sourceTree = "<group>"; };
		07C78C7E23B5EAE300AA2924 /* NSObject+LCXDataNullViewHandle.h */ = {isa = PBXFileReference; lastKnownFileType = sourcecode.c.h; path = "NSObject+LCXDataNullViewHandle.h"; sourceTree = "<group>"; };
		07C78C7F23B5EAE300AA2924 /* NSObject+LCXDataNullViewHandle.m */ = {isa = PBXFileReference; lastKnownFileType = sourcecode.c.objc; path = "NSObject+LCXDataNullViewHandle.m"; sourceTree = "<group>"; };
		07C78C8123B5EF6A00AA2924 /* NSObject+LCXNoNetworkViewHandle.h */ = {isa = PBXFileReference; lastKnownFileType = sourcecode.c.h; path = "NSObject+LCXNoNetworkViewHandle.h"; sourceTree = "<group>"; };
		07C78C8223B5EF6A00AA2924 /* NSObject+LCXNoNetworkViewHandle.m */ = {isa = PBXFileReference; lastKnownFileType = sourcecode.c.objc; path = "NSObject+LCXNoNetworkViewHandle.m"; sourceTree = "<group>"; };
		07C78C8423B5F30C00AA2924 /* UITableView+LCXScroll.h */ = {isa = PBXFileReference; lastKnownFileType = sourcecode.c.h; path = "UITableView+LCXScroll.h"; sourceTree = "<group>"; };
		07C78C8523B5F30C00AA2924 /* UITableView+LCXScroll.m */ = {isa = PBXFileReference; lastKnownFileType = sourcecode.c.objc; path = "UITableView+LCXScroll.m"; sourceTree = "<group>"; };
		07C78C8723B5FC4100AA2924 /* ViewController.h */ = {isa = PBXFileReference; lastKnownFileType = sourcecode.c.h; path = ViewController.h; sourceTree = "<group>"; };
		07C78C8823B5FC4100AA2924 /* ViewController.m */ = {isa = PBXFileReference; lastKnownFileType = sourcecode.c.objc; path = ViewController.m; sourceTree = "<group>"; };
		07E0A57023ACAAB400D30ADA /* LCXInitTableView.h */ = {isa = PBXFileReference; fileEncoding = 4; lastKnownFileType = sourcecode.c.h; path = LCXInitTableView.h; sourceTree = "<group>"; };
		07E0A57123ACAAB400D30ADA /* LCXInitTableView.m */ = {isa = PBXFileReference; fileEncoding = 4; lastKnownFileType = sourcecode.c.objc; path = LCXInitTableView.m; sourceTree = "<group>"; };
		07E0A57723ACAF2A00D30ADA /* FirstTableViewCell.h */ = {isa = PBXFileReference; lastKnownFileType = sourcecode.c.h; path = FirstTableViewCell.h; sourceTree = "<group>"; };
		07E0A57823ACAF2A00D30ADA /* FirstTableViewCell.m */ = {isa = PBXFileReference; lastKnownFileType = sourcecode.c.objc; path = FirstTableViewCell.m; sourceTree = "<group>"; };
		07E0A57A23ACAF3B00D30ADA /* SecondTableViewCell.h */ = {isa = PBXFileReference; lastKnownFileType = sourcecode.c.h; path = SecondTableViewCell.h; sourceTree = "<group>"; };
		07E0A57B23ACAF3B00D30ADA /* SecondTableViewCell.m */ = {isa = PBXFileReference; lastKnownFileType = sourcecode.c.objc; path = SecondTableViewCell.m; sourceTree = "<group>"; };
		07E0A58D23ACBE4B00D30ADA /* DetailViewController.h */ = {isa = PBXFileReference; lastKnownFileType = sourcecode.c.h; path = DetailViewController.h; sourceTree = "<group>"; };
		07E0A58E23ACBE4B00D30ADA /* DetailViewController.m */ = {isa = PBXFileReference; lastKnownFileType = sourcecode.c.objc; path = DetailViewController.m; sourceTree = "<group>"; };
		07E0A58F23ACBE4B00D30ADA /* DetailViewController.xib */ = {isa = PBXFileReference; lastKnownFileType = file.xib; path = DetailViewController.xib; sourceTree = "<group>"; };
		07E0A59223ACC60200D30ADA /* ViewModel.h */ = {isa = PBXFileReference; lastKnownFileType = sourcecode.c.h; path = ViewModel.h; sourceTree = "<group>"; };
		07E0A59323ACC60200D30ADA /* ViewModel.m */ = {isa = PBXFileReference; lastKnownFileType = sourcecode.c.objc; path = ViewModel.m; sourceTree = "<group>"; };
		07E0A59523ACC62500D30ADA /* Model.h */ = {isa = PBXFileReference; lastKnownFileType = sourcecode.c.h; path = Model.h; sourceTree = "<group>"; };
		07E0A59623ACC62500D30ADA /* Model.m */ = {isa = PBXFileReference; lastKnownFileType = sourcecode.c.objc; path = Model.m; sourceTree = "<group>"; };
		07E0A59823ACCE5C00D30ADA /* RequestViewModel.h */ = {isa = PBXFileReference; lastKnownFileType = sourcecode.c.h; path = RequestViewModel.h; sourceTree = "<group>"; };
		07E0A59923ACCE5C00D30ADA /* RequestViewModel.m */ = {isa = PBXFileReference; lastKnownFileType = sourcecode.c.objc; path = RequestViewModel.m; sourceTree = "<group>"; };
		0A47BFDF87DA6EB85C742D36 /* Pods-MVVMTableView.debug.xcconfig */ = {isa = PBXFileReference; includeInIndex = 1; lastKnownFileType = text.xcconfig; name = "Pods-MVVMTableView.debug.xcconfig"; path = "Target Support Files/Pods-MVVMTableView/Pods-MVVMTableView.debug.xcconfig"; sourceTree = "<group>"; };
		0E91BCCB06F42BE8D18DCD82 /* Pods-MVVMTableView.release.xcconfig */ = {isa = PBXFileReference; includeInIndex = 1; lastKnownFileType = text.xcconfig; name = "Pods-MVVMTableView.release.xcconfig"; path = "Target Support Files/Pods-MVVMTableView/Pods-MVVMTableView.release.xcconfig"; sourceTree = "<group>"; };
		DB8740FE3B6706234FBA54F2 /* libPods-MVVMTableView.a */ = {isa = PBXFileReference; explicitFileType = archive.ar; includeInIndex = 0; path = "libPods-MVVMTableView.a"; sourceTree = BUILT_PRODUCTS_DIR; };
/* End PBXFileReference section */

/* Begin PBXFrameworksBuildPhase section */
		074E6FFD23ACA2DE00B043D1 /* Frameworks */ = {
			isa = PBXFrameworksBuildPhase;
			buildActionMask = 2147483647;
			files = (
				555ABC0FD6A72665DE7049E2 /* libPods-MVVMTableView.a in Frameworks */,
			);
			runOnlyForDeploymentPostprocessing = 0;
		};
/* End PBXFrameworksBuildPhase section */

/* Begin PBXGroup section */
		0739B34E2404D0610009236A /* LCXUIKit */ = {
			isa = PBXGroup;
			children = (
				07568CF523C47EEB00452AFE /* LCXUIInitKit */,
				0739B34F2404D0870009236A /* LCXReuseViewID */,
				07B0F08123C2E6AE00CA8156 /* LCXViewKit */,
				074E701C23ACA58300B043D1 /* LCXTableViewKit */,
				07B0F09C23C3370000CA8156 /* LCXTableViewCellKit */,
				074ACC4223B986C90064D344 /* LCXListViewStatusTipKit */,
				07B17EC223B4593300AAE828 /* LCXRefresh */,
				07B17EBA23B4476C00AAE828 /* LCXMasonry */,
			);
			path = LCXUIKit;
			sourceTree = "<group>";
		};
		0739B34F2404D0870009236A /* LCXReuseViewID */ = {
			isa = PBXGroup;
			children = (
				0739B3532404D1090009236A /* UITableView+LCXReuseViewID.h */,
				0739B3542404D1090009236A /* UITableView+LCXReuseViewID.m */,
			);
			path = LCXReuseViewID;
			sourceTree = "<group>";
		};
		074ACC4223B986C90064D344 /* LCXListViewStatusTipKit */ = {
			isa = PBXGroup;
			children = (
				074ACC4B23B9AB4E0064D344 /* LCXNoNetwork */,
				074ACC4A23B9AA090064D344 /* LCXDataNull */,
			);
			path = LCXListViewStatusTipKit;
			sourceTree = "<group>";
		};
		074ACC4A23B9AA090064D344 /* LCXDataNull */ = {
			isa = PBXGroup;
			children = (
				07B154C523B203D20080ED99 /* noData@2x.png */,
				07C78C7E23B5EAE300AA2924 /* NSObject+LCXDataNullViewHandle.h */,
				07C78C7F23B5EAE300AA2924 /* NSObject+LCXDataNullViewHandle.m */,
				07B30E0923BD9319008348E6 /* LCXDataNullView.h */,
				07B30E0823BD9319008348E6 /* LCXDataNullView.m */,
				07B154BF23B201770080ED99 /* NSObject+LCXDataNull.h */,
				07B154BE23B201770080ED99 /* NSObject+LCXDataNull.m */,
			);
			path = LCXDataNull;
			sourceTree = "<group>";
		};
		074ACC4B23B9AB4E0064D344 /* LCXNoNetwork */ = {
			isa = PBXGroup;
			children = (
				07B154C423B203D20080ED99 /* noNetWork@2x.png */,
				07C78C8123B5EF6A00AA2924 /* NSObject+LCXNoNetworkViewHandle.h */,
				07C78C8223B5EF6A00AA2924 /* NSObject+LCXNoNetworkViewHandle.m */,
				07B30E0623BD9224008348E6 /* LCXNoNetworkView.h */,
				07B30E0523BD9224008348E6 /* LCXNoNetworkView.m */,
				07B154C923B21D6B0080ED99 /* NSObject+LCXNoNetWork.h */,
				07B154CA23B21D6B0080ED99 /* NSObject+LCXNoNetWork.m */,
			);
			path = LCXNoNetwork;
			sourceTree = "<group>";
		};
		074E6FF723ACA2DE00B043D1 = {
			isa = PBXGroup;
			children = (
				074E700223ACA2DE00B043D1 /* MVVMTableView */,
				074E700123ACA2DE00B043D1 /* Products */,
				EB87A08737C851A6847A8FF7 /* Pods */,
				2AD7D3D9962A9226FC3C072E /* Frameworks */,
			);
			sourceTree = "<group>";
		};
		074E700123ACA2DE00B043D1 /* Products */ = {
			isa = PBXGroup;
			children = (
				074E700023ACA2DE00B043D1 /* MVVMTableView.app */,
			);
			name = Products;
			sourceTree = "<group>";
		};
		074E700223ACA2DE00B043D1 /* MVVMTableView */ = {
			isa = PBXGroup;
			children = (
				074E700323ACA2DE00B043D1 /* AppDelegate.h */,
				074E700423ACA2DE00B043D1 /* AppDelegate.m */,
				07C78C8723B5FC4100AA2924 /* ViewController.h */,
				07C78C8823B5FC4100AA2924 /* ViewController.m */,
				07B2EC1123BB24C7007102F0 /* TableViewExamples */,
				07E0A57D23ACAF8700D30ADA /* MVVM */,
				0739B34E2404D0610009236A /* LCXUIKit */,
				074E700C23ACA2DE00B043D1 /* Main.storyboard */,
				074E700F23ACA2DF00B043D1 /* Assets.xcassets */,
				074E701123ACA2DF00B043D1 /* LaunchScreen.storyboard */,
				074E701423ACA2DF00B043D1 /* Info.plist */,
				074E701523ACA2DF00B043D1 /* main.m */,
			);
			path = MVVMTableView;
			sourceTree = "<group>";
		};
		074E701C23ACA58300B043D1 /* LCXTableViewKit */ = {
			isa = PBXGroup;
			children = (
				07568CF423C47EB900452AFE /* LCXTableViewKit.h */,
				074E701E23ACA58300B043D1 /* UITableView+LCXRegisterCellClasses.h */,
				074E702023ACA58300B043D1 /* UITableView+LCXRegisterCellClasses.m */,
				07B154B623B1C0740080ED99 /* UITableView+LCXHandleActionCell.h */,
				07B154B723B1C0740080ED99 /* UITableView+LCXHandleActionCell.m */,
				07C78C8423B5F30C00AA2924 /* UITableView+LCXScroll.h */,
				07C78C8523B5F30C00AA2924 /* UITableView+LCXScroll.m */,
			);
			path = LCXTableViewKit;
			sourceTree = "<group>";
		};
		07568CF523C47EEB00452AFE /* LCXUIInitKit */ = {
			isa = PBXGroup;
			children = (
				07E0A57023ACAAB400D30ADA /* LCXInitTableView.h */,
				07E0A57123ACAAB400D30ADA /* LCXInitTableView.m */,
			);
			path = LCXUIInitKit;
			sourceTree = "<group>";
		};
		07B0F08123C2E6AE00CA8156 /* LCXViewKit */ = {
			isa = PBXGroup;
			children = (
				07568CF623C47FA600452AFE /* LCXViewKit.h */,
				07B30E0F23BD98AA008348E6 /* UIView+LCXDataArray.h */,
				07B30E1023BD98AA008348E6 /* UIView+LCXDataArray.m */,
				074D4AA523B0BB95000125C3 /* UIView+LCXActionBlock.h */,
				074D4AA623B0BB95000125C3 /* UIView+LCXActionBlock.m */,
			);
			path = LCXViewKit;
			sourceTree = "<group>";
		};
		07B0F08623C3062A00CA8156 /* ListViewStatusTip */ = {
			isa = PBXGroup;
			children = (
				07B0F07D23C2DA1200CA8156 /* LCXDataNullView+Style.h */,
				07B0F07E23C2DA1200CA8156 /* LCXDataNullView+Style.m */,
				07B0F07A23C2D06900CA8156 /* LCXNoNetworkView+Style.h */,
				07B0F07B23C2D06900CA8156 /* LCXNoNetworkView+Style.m */,
			);
			path = ListViewStatusTip;
			sourceTree = "<group>";
		};
		07B0F09C23C3370000CA8156 /* LCXTableViewCellKit */ = {
			isa = PBXGroup;
			children = (
				07B154AD23B1A8840080ED99 /* LCXTableViewCell.h */,
				07B154AE23B1A8840080ED99 /* LCXTableViewCell.m */,
			);
			path = LCXTableViewCellKit;
			sourceTree = "<group>";
		};
		07B0F09D23C338B800CA8156 /* MoreDataTableView */ = {
			isa = PBXGroup;
			children = (
				074E700923ACA2DE00B043D1 /* MoreDataTableViewVC.h */,
				074E700A23ACA2DE00B043D1 /* MoreDataTableViewVC.m */,
			);
			path = MoreDataTableView;
			sourceTree = "<group>";
		};
		07B0F09E23C338D900CA8156 /* BlockDelegateTableView */ = {
			isa = PBXGroup;
			children = (
				07B2EC1B23BB280E007102F0 /* BlockDelegateTableViewVC.h */,
				07B2EC1C23BB280E007102F0 /* BlockDelegateTableViewVC.m */,
				07430C9323BDED000069C88C /* LCXTableBlockDelegate.h */,
				07430C9423BDED000069C88C /* LCXTableBlockDelegate.m */,
			);
			path = BlockDelegateTableView;
			sourceTree = "<group>";
		};
		07B0F09F23C3390000CA8156 /* DoubleDelegateTableView */ = {
			isa = PBXGroup;
			children = (
				07B0F09323C31A1800CA8156 /* DoubleDelegateTableViewVC.h */,
				07B0F09423C31A1800CA8156 /* DoubleDelegateTableViewVC.m */,
				07B0F08723C3081D00CA8156 /* LCXTableDoubleDelegate.h */,
				07B0F08823C3081D00CA8156 /* LCXTableDoubleDelegate.m */,
				07B0F08D23C30A2000CA8156 /* NSObject+LCXListModel.h */,
				07B0F08E23C30A2000CA8156 /* NSObject+LCXListModel.m */,
			);
			path = DoubleDelegateTableView;
			sourceTree = "<group>";
		};
		07B0F0A023C339C300CA8156 /* TableViews */ = {
			isa = PBXGroup;
			children = (
				07430CA023BDF8BA0069C88C /* TableViewsVC.h */,
				07430CA123BDF8BA0069C88C /* TableViewsVC.m */,
			);
			path = TableViews;
			sourceTree = "<group>";
		};
		07B17EBA23B4476C00AAE828 /* LCXMasonry */ = {
			isa = PBXGroup;
			children = (
				07B17EBB23B4478C00AAE828 /* UIView+LCXMasonry.h */,
				07B17EBC23B4478C00AAE828 /* UIView+LCXMasonry.m */,
			);
			path = LCXMasonry;
			sourceTree = "<group>";
		};
		07B17EC223B4593300AAE828 /* LCXRefresh */ = {
			isa = PBXGroup;
			children = (
				07568CF323C47D1900452AFE /* LCXRefresh.h */,
				07B17EC623B4607900AAE828 /* UIScrollView+LCXRefresh.h */,
				07B17EC723B4607900AAE828 /* UIScrollView+LCXRefresh.m */,
				07B17ED023B4C3D500AAE828 /* NSMutableArray+LCXHandleMoreData.h */,
				07B17ED123B4C3D500AAE828 /* NSMutableArray+LCXHandleMoreData.m */,
			);
			path = LCXRefresh;
			sourceTree = "<group>";
		};
		07B2EC1123BB24C7007102F0 /* TableViewExamples */ = {
			isa = PBXGroup;
			children = (
				07B0F09D23C338B800CA8156 /* MoreDataTableView */,
				07B0F0A023C339C300CA8156 /* TableViews */,
				07B0F09F23C3390000CA8156 /* DoubleDelegateTableView */,
				07B0F09E23C338D900CA8156 /* BlockDelegateTableView */,
			);
			path = TableViewExamples;
			sourceTree = "<group>";
		};
		07B30E1523BDC201008348E6 /* TableViewCell */ = {
			isa = PBXGroup;
			children = (
				07E0A57723ACAF2A00D30ADA /* FirstTableViewCell.h */,
				07E0A57823ACAF2A00D30ADA /* FirstTableViewCell.m */,
				07E0A57A23ACAF3B00D30ADA /* SecondTableViewCell.h */,
				07E0A57B23ACAF3B00D30ADA /* SecondTableViewCell.m */,
				07B30E1223BDC127008348E6 /* AreaCell.h */,
				07B30E1323BDC127008348E6 /* AreaCell.m */,
			);
			path = TableViewCell;
			sourceTree = "<group>";
		};
		07E0A57D23ACAF8700D30ADA /* MVVM */ = {
			isa = PBXGroup;
			children = (
				07E0A58223ACB6E900D30ADA /* Model */,
				07E0A58123ACB6CA00D30ADA /* ViewController */,
				07E0A57E23ACB0C500D30ADA /* View */,
				07E0A58323ACB70300D30ADA /* ViewModel */,
			);
			path = MVVM;
			sourceTree = "<group>";
		};
		07E0A57E23ACB0C500D30ADA /* View */ = {
			isa = PBXGroup;
			children = (
				07B154BA23B1F6EC0080ED99 /* TitleSelectView.h */,
				07B154BB23B1F6EC0080ED99 /* TitleSelectView.m */,
				07B0F08623C3062A00CA8156 /* ListViewStatusTip */,
				07B30E1523BDC201008348E6 /* TableViewCell */,
			);
			path = View;
			sourceTree = "<group>";
		};
		07E0A58123ACB6CA00D30ADA /* ViewController */ = {
			isa = PBXGroup;
			children = (
				07E0A58D23ACBE4B00D30ADA /* DetailViewController.h */,
				07E0A58E23ACBE4B00D30ADA /* DetailViewController.m */,
				07E0A58F23ACBE4B00D30ADA /* DetailViewController.xib */,
				074D4AB223B0C513000125C3 /* SecondDetailViewController.h */,
				074D4AB323B0C513000125C3 /* SecondDetailViewController.m */,
				074D4AB423B0C513000125C3 /* SecondDetailViewController.xib */,
			);
			path = ViewController;
			sourceTree = "<group>";
		};
		07E0A58223ACB6E900D30ADA /* Model */ = {
			isa = PBXGroup;
			children = (
				07E0A59523ACC62500D30ADA /* Model.h */,
				07E0A59623ACC62500D30ADA /* Model.m */,
				07430C8C23BDC7280069C88C /* AreaModel.h */,
				07430C8D23BDC7280069C88C /* AreaModel.m */,
			);
			path = Model;
			sourceTree = "<group>";
		};
		07E0A58323ACB70300D30ADA /* ViewModel */ = {
			isa = PBXGroup;
			children = (
				07E0A59223ACC60200D30ADA /* ViewModel.h */,
				07E0A59323ACC60200D30ADA /* ViewModel.m */,
				07E0A59823ACCE5C00D30ADA /* RequestViewModel.h */,
				07E0A59923ACCE5C00D30ADA /* RequestViewModel.m */,
			);
			path = ViewModel;
			sourceTree = "<group>";
		};
		2AD7D3D9962A9226FC3C072E /* Frameworks */ = {
			isa = PBXGroup;
			children = (
				DB8740FE3B6706234FBA54F2 /* libPods-MVVMTableView.a */,
			);
			name = Frameworks;
			sourceTree = "<group>";
		};
		EB87A08737C851A6847A8FF7 /* Pods */ = {
			isa = PBXGroup;
			children = (
				0A47BFDF87DA6EB85C742D36 /* Pods-MVVMTableView.debug.xcconfig */,
				0E91BCCB06F42BE8D18DCD82 /* Pods-MVVMTableView.release.xcconfig */,
			);
			path = Pods;
			sourceTree = "<group>";
		};
/* End PBXGroup section */

/* Begin PBXNativeTarget section */
		074E6FFF23ACA2DE00B043D1 /* MVVMTableView */ = {
			isa = PBXNativeTarget;
			buildConfigurationList = 074E701923ACA2DF00B043D1 /* Build configuration list for PBXNativeTarget "MVVMTableView" */;
			buildPhases = (
				7D5E186ED2879114ECACD732 /* [CP] Check Pods Manifest.lock */,
				074E6FFC23ACA2DE00B043D1 /* Sources */,
				074E6FFD23ACA2DE00B043D1 /* Frameworks */,
				074E6FFE23ACA2DE00B043D1 /* Resources */,
				E2D3D8B249E8EC741770C22A /* [CP] Copy Pods Resources */,
			);
			buildRules = (
			);
			dependencies = (
			);
			name = MVVMTableView;
			productName = MVVMTableView;
			productReference = 074E700023ACA2DE00B043D1 /* MVVMTableView.app */;
			productType = "com.apple.product-type.application";
		};
/* End PBXNativeTarget section */

/* Begin PBXProject section */
		074E6FF823ACA2DE00B043D1 /* Project object */ = {
			isa = PBXProject;
			attributes = {
				LastUpgradeCheck = 1120;
				ORGANIZATIONNAME = lcx;
				TargetAttributes = {
					074E6FFF23ACA2DE00B043D1 = {
						CreatedOnToolsVersion = 11.2.1;
					};
				};
			};
			buildConfigurationList = 074E6FFB23ACA2DE00B043D1 /* Build configuration list for PBXProject "MVVMTableView" */;
			compatibilityVersion = "Xcode 9.3";
			developmentRegion = en;
			hasScannedForEncodings = 0;
			knownRegions = (
				en,
				Base,
			);
			mainGroup = 074E6FF723ACA2DE00B043D1;
			productRefGroup = 074E700123ACA2DE00B043D1 /* Products */;
			projectDirPath = "";
			projectRoot = "";
			targets = (
				074E6FFF23ACA2DE00B043D1 /* MVVMTableView */,
			);
		};
/* End PBXProject section */

/* Begin PBXResourcesBuildPhase section */
		074E6FFE23ACA2DE00B043D1 /* Resources */ = {
			isa = PBXResourcesBuildPhase;
			buildActionMask = 2147483647;
			files = (
				074E701323ACA2DF00B043D1 /* LaunchScreen.storyboard in Resources */,
				074D4AB623B0C513000125C3 /* SecondDetailViewController.xib in Resources */,
				07B154C723B203D20080ED99 /* noData@2x.png in Resources */,
				074E701023ACA2DF00B043D1 /* Assets.xcassets in Resources */,
				074E700E23ACA2DE00B043D1 /* Main.storyboard in Resources */,
				07B154C623B203D20080ED99 /* noNetWork@2x.png in Resources */,
				07E0A59123ACBE4B00D30ADA /* DetailViewController.xib in Resources */,
			);
			runOnlyForDeploymentPostprocessing = 0;
		};
/* End PBXResourcesBuildPhase section */

/* Begin PBXShellScriptBuildPhase section */
		7D5E186ED2879114ECACD732 /* [CP] Check Pods Manifest.lock */ = {
			isa = PBXShellScriptBuildPhase;
			buildActionMask = 2147483647;
			files = (
			);
			inputFileListPaths = (
			);
			inputPaths = (
				"${PODS_PODFILE_DIR_PATH}/Podfile.lock",
				"${PODS_ROOT}/Manifest.lock",
			);
			name = "[CP] Check Pods Manifest.lock";
			outputFileListPaths = (
			);
			outputPaths = (
				"$(DERIVED_FILE_DIR)/Pods-MVVMTableView-checkManifestLockResult.txt",
			);
			runOnlyForDeploymentPostprocessing = 0;
			shellPath = /bin/sh;
			shellScript = "diff \"${PODS_PODFILE_DIR_PATH}/Podfile.lock\" \"${PODS_ROOT}/Manifest.lock\" > /dev/null\nif [ $? != 0 ] ; then\n    # print error to STDERR\n    echo \"error: The sandbox is not in sync with the Podfile.lock. Run 'pod install' or update your CocoaPods installation.\" >&2\n    exit 1\nfi\n# This output is used by Xcode 'outputs' to avoid re-running this script phase.\necho \"SUCCESS\" > \"${SCRIPT_OUTPUT_FILE_0}\"\n";
			showEnvVarsInLog = 0;
		};
		E2D3D8B249E8EC741770C22A /* [CP] Copy Pods Resources */ = {
			isa = PBXShellScriptBuildPhase;
			buildActionMask = 2147483647;
			files = (
			);
			inputFileListPaths = (
				"${PODS_ROOT}/Target Support Files/Pods-MVVMTableView/Pods-MVVMTableView-resources-${CONFIGURATION}-input-files.xcfilelist",
			);
			name = "[CP] Copy Pods Resources";
			outputFileListPaths = (
				"${PODS_ROOT}/Target Support Files/Pods-MVVMTableView/Pods-MVVMTableView-resources-${CONFIGURATION}-output-files.xcfilelist",
			);
			runOnlyForDeploymentPostprocessing = 0;
			shellPath = /bin/sh;
			shellScript = "\"${PODS_ROOT}/Target Support Files/Pods-MVVMTableView/Pods-MVVMTableView-resources.sh\"\n";
			showEnvVarsInLog = 0;
		};
/* End PBXShellScriptBuildPhase section */

/* Begin PBXSourcesBuildPhase section */
		074E6FFC23ACA2DE00B043D1 /* Sources */ = {
			isa = PBXSourcesBuildPhase;
			buildActionMask = 2147483647;
			files = (
				07C78C8623B5F30C00AA2924 /* UITableView+LCXScroll.m in Sources */,
				07B0F08923C3081D00CA8156 /* LCXTableDoubleDelegate.m in Sources */,
				07B154BC23B1F6ED0080ED99 /* TitleSelectView.m in Sources */,
				07B30E0A23BD9319008348E6 /* LCXDataNullView.m in Sources */,
				07E0A57C23ACAF3B00D30ADA /* SecondTableViewCell.m in Sources */,
				07B0F08F23C30A2000CA8156 /* NSObject+LCXListModel.m in Sources */,
				07E0A59A23ACCE5C00D30ADA /* RequestViewModel.m in Sources */,
				0739B3552404D1090009236A /* UITableView+LCXReuseViewID.m in Sources */,
				07B154C023B201770080ED99 /* NSObject+LCXDataNull.m in Sources */,
				07B17ED223B4C3D500AAE828 /* NSMutableArray+LCXHandleMoreData.m in Sources */,
				074E700B23ACA2DE00B043D1 /* MoreDataTableViewVC.m in Sources */,
				07B0F09523C31A1800CA8156 /* DoubleDelegateTableViewVC.m in Sources */,
				07430CA223BDF8BA0069C88C /* TableViewsVC.m in Sources */,
				07B17EBD23B4478C00AAE828 /* UIView+LCXMasonry.m in Sources */,
				074D4AA723B0BB95000125C3 /* UIView+LCXActionBlock.m in Sources */,
				07B2EC1D23BB280E007102F0 /* BlockDelegateTableViewVC.m in Sources */,
				07E0A57223ACAAB400D30ADA /* LCXInitTableView.m in Sources */,
				07E0A59723ACC62500D30ADA /* Model.m in Sources */,
				074E700523ACA2DE00B043D1 /* AppDelegate.m in Sources */,
				07430C8E23BDC7280069C88C /* AreaModel.m in Sources */,
				07C78C8923B5FC4100AA2924 /* ViewController.m in Sources */,
				07B154B823B1C0740080ED99 /* UITableView+LCXHandleActionCell.m in Sources */,
				07C78C8323B5EF6A00AA2924 /* NSObject+LCXNoNetworkViewHandle.m in Sources */,
				07B154CB23B21D6B0080ED99 /* NSObject+LCXNoNetWork.m in Sources */,
				07B0F07F23C2DA1200CA8156 /* LCXDataNullView+Style.m in Sources */,
				07B30E1123BD98AB008348E6 /* UIView+LCXDataArray.m in Sources */,
				07B0F07C23C2D06900CA8156 /* LCXNoNetworkView+Style.m in Sources */,
				074E702223ACA58300B043D1 /* UITableView+LCXRegisterCellClasses.m in Sources */,
				07E0A59023ACBE4B00D30ADA /* DetailViewController.m in Sources */,
				074D4AB523B0C513000125C3 /* SecondDetailViewController.m in Sources */,
				074E701623ACA2DF00B043D1 /* main.m in Sources */,
				07C78C8023B5EAE300AA2924 /* NSObject+LCXDataNullViewHandle.m in Sources */,
				07B17EC823B4607900AAE828 /* UIScrollView+LCXRefresh.m in Sources */,
				07B30E0723BD9224008348E6 /* LCXNoNetworkView.m in Sources */,
				07E0A57923ACAF2A00D30ADA /* FirstTableViewCell.m in Sources */,
				07B30E1423BDC127008348E6 /* AreaCell.m in Sources */,
				07E0A59423ACC60200D30ADA /* ViewModel.m in Sources */,
				07B154AF23B1A8840080ED99 /* LCXTableViewCell.m in Sources */,
				07430C9523BDED000069C88C /* LCXTableBlockDelegate.m in Sources */,
			);
			runOnlyForDeploymentPostprocessing = 0;
		};
/* End PBXSourcesBuildPhase section */

/* Begin PBXVariantGroup section */
		074E700C23ACA2DE00B043D1 /* Main.storyboard */ = {
			isa = PBXVariantGroup;
			children = (
				074E700D23ACA2DE00B043D1 /* Base */,
			);
			name = Main.storyboard;
			sourceTree = "<group>";
		};
		074E701123ACA2DF00B043D1 /* LaunchScreen.storyboard */ = {
			isa = PBXVariantGroup;
			children = (
				074E701223ACA2DF00B043D1 /* Base */,
			);
			name = LaunchScreen.storyboard;
			sourceTree = "<group>";
		};
/* End PBXVariantGroup section */

/* Begin XCBuildConfiguration section */
		074E701723ACA2DF00B043D1 /* Debug */ = {
			isa = XCBuildConfiguration;
			buildSettings = {
				ALWAYS_SEARCH_USER_PATHS = NO;
				CLANG_ANALYZER_NONNULL = YES;
				CLANG_ANALYZER_NUMBER_OBJECT_CONVERSION = YES_AGGRESSIVE;
				CLANG_CXX_LANGUAGE_STANDARD = "gnu++14";
				CLANG_CXX_LIBRARY = "libc++";
				CLANG_ENABLE_MODULES = YES;
				CLANG_ENABLE_OBJC_ARC = YES;
				CLANG_ENABLE_OBJC_WEAK = YES;
				CLANG_WARN_BLOCK_CAPTURE_AUTORELEASING = YES;
				CLANG_WARN_BOOL_CONVERSION = YES;
				CLANG_WARN_COMMA = YES;
				CLANG_WARN_CONSTANT_CONVERSION = YES;
				CLANG_WARN_DEPRECATED_OBJC_IMPLEMENTATIONS = YES;
				CLANG_WARN_DIRECT_OBJC_ISA_USAGE = YES_ERROR;
				CLANG_WARN_DOCUMENTATION_COMMENTS = YES;
				CLANG_WARN_EMPTY_BODY = YES;
				CLANG_WARN_ENUM_CONVERSION = YES;
				CLANG_WARN_INFINITE_RECURSION = YES;
				CLANG_WARN_INT_CONVERSION = YES;
				CLANG_WARN_NON_LITERAL_NULL_CONVERSION = YES;
				CLANG_WARN_OBJC_IMPLICIT_RETAIN_SELF = YES;
				CLANG_WARN_OBJC_LITERAL_CONVERSION = YES;
				CLANG_WARN_OBJC_ROOT_CLASS = YES_ERROR;
				CLANG_WARN_RANGE_LOOP_ANALYSIS = YES;
				CLANG_WARN_STRICT_PROTOTYPES = YES;
				CLANG_WARN_SUSPICIOUS_MOVE = YES;
				CLANG_WARN_UNGUARDED_AVAILABILITY = YES_AGGRESSIVE;
				CLANG_WARN_UNREACHABLE_CODE = YES;
				CLANG_WARN__DUPLICATE_METHOD_MATCH = YES;
				COPY_PHASE_STRIP = NO;
				DEBUG_INFORMATION_FORMAT = dwarf;
				ENABLE_STRICT_OBJC_MSGSEND = YES;
				ENABLE_TESTABILITY = YES;
				GCC_C_LANGUAGE_STANDARD = gnu11;
				GCC_DYNAMIC_NO_PIC = NO;
				GCC_NO_COMMON_BLOCKS = YES;
				GCC_OPTIMIZATION_LEVEL = 0;
				GCC_PREPROCESSOR_DEFINITIONS = (
					"DEBUG=1",
					"$(inherited)",
				);
				GCC_WARN_64_TO_32_BIT_CONVERSION = YES;
				GCC_WARN_ABOUT_RETURN_TYPE = YES_ERROR;
				GCC_WARN_UNDECLARED_SELECTOR = YES;
				GCC_WARN_UNINITIALIZED_AUTOS = YES_AGGRESSIVE;
				GCC_WARN_UNUSED_FUNCTION = YES;
				GCC_WARN_UNUSED_VARIABLE = YES;
				IPHONEOS_DEPLOYMENT_TARGET = 9.0;
				MTL_ENABLE_DEBUG_INFO = INCLUDE_SOURCE;
				MTL_FAST_MATH = YES;
				ONLY_ACTIVE_ARCH = YES;
				SDKROOT = iphoneos;
			};
			name = Debug;
		};
		074E701823ACA2DF00B043D1 /* Release */ = {
			isa = XCBuildConfiguration;
			buildSettings = {
				ALWAYS_SEARCH_USER_PATHS = NO;
				CLANG_ANALYZER_NONNULL = YES;
				CLANG_ANALYZER_NUMBER_OBJECT_CONVERSION = YES_AGGRESSIVE;
				CLANG_CXX_LANGUAGE_STANDARD = "gnu++14";
				CLANG_CXX_LIBRARY = "libc++";
				CLANG_ENABLE_MODULES = YES;
				CLANG_ENABLE_OBJC_ARC = YES;
				CLANG_ENABLE_OBJC_WEAK = YES;
				CLANG_WARN_BLOCK_CAPTURE_AUTORELEASING = YES;
				CLANG_WARN_BOOL_CONVERSION = YES;
				CLANG_WARN_COMMA = YES;
				CLANG_WARN_CONSTANT_CONVERSION = YES;
				CLANG_WARN_DEPRECATED_OBJC_IMPLEMENTATIONS = YES;
				CLANG_WARN_DIRECT_OBJC_ISA_USAGE = YES_ERROR;
				CLANG_WARN_DOCUMENTATION_COMMENTS = YES;
				CLANG_WARN_EMPTY_BODY = YES;
				CLANG_WARN_ENUM_CONVERSION = YES;
				CLANG_WARN_INFINITE_RECURSION = YES;
				CLANG_WARN_INT_CONVERSION = YES;
				CLANG_WARN_NON_LITERAL_NULL_CONVERSION = YES;
				CLANG_WARN_OBJC_IMPLICIT_RETAIN_SELF = YES;
				CLANG_WARN_OBJC_LITERAL_CONVERSION = YES;
				CLANG_WARN_OBJC_ROOT_CLASS = YES_ERROR;
				CLANG_WARN_RANGE_LOOP_ANALYSIS = YES;
				CLANG_WARN_STRICT_PROTOTYPES = YES;
				CLANG_WARN_SUSPICIOUS_MOVE = YES;
				CLANG_WARN_UNGUARDED_AVAILABILITY = YES_AGGRESSIVE;
				CLANG_WARN_UNREACHABLE_CODE = YES;
				CLANG_WARN__DUPLICATE_METHOD_MATCH = YES;
				COPY_PHASE_STRIP = NO;
				DEBUG_INFORMATION_FORMAT = "dwarf-with-dsym";
				ENABLE_NS_ASSERTIONS = NO;
				ENABLE_STRICT_OBJC_MSGSEND = YES;
				GCC_C_LANGUAGE_STANDARD = gnu11;
				GCC_NO_COMMON_BLOCKS = YES;
				GCC_WARN_64_TO_32_BIT_CONVERSION = YES;
				GCC_WARN_ABOUT_RETURN_TYPE = YES_ERROR;
				GCC_WARN_UNDECLARED_SELECTOR = YES;
				GCC_WARN_UNINITIALIZED_AUTOS = YES_AGGRESSIVE;
				GCC_WARN_UNUSED_FUNCTION = YES;
				GCC_WARN_UNUSED_VARIABLE = YES;
				IPHONEOS_DEPLOYMENT_TARGET = 9.0;
				MTL_ENABLE_DEBUG_INFO = NO;
				MTL_FAST_MATH = YES;
				SDKROOT = iphoneos;
				VALIDATE_PRODUCT = YES;
			};
			name = Release;
		};
		074E701A23ACA2DF00B043D1 /* Debug */ = {
			isa = XCBuildConfiguration;
			baseConfigurationReference = 0A47BFDF87DA6EB85C742D36 /* Pods-MVVMTableView.debug.xcconfig */;
			buildSettings = {
				ASSETCATALOG_COMPILER_APPICON_NAME = AppIcon;
				CODE_SIGN_STYLE = Automatic;
				INFOPLIST_FILE = MVVMTableView/Info.plist;
				LD_RUNPATH_SEARCH_PATHS = (
					"$(inherited)",
					"@executable_path/Frameworks",
				);
				PRODUCT_BUNDLE_IDENTIFIER = com.365goodluck.MVVMTableView;
				PRODUCT_NAME = "$(TARGET_NAME)";
				TARGETED_DEVICE_FAMILY = 1;
			};
			name = Debug;
		};
		074E701B23ACA2DF00B043D1 /* Release */ = {
			isa = XCBuildConfiguration;
			baseConfigurationReference = 0E91BCCB06F42BE8D18DCD82 /* Pods-MVVMTableView.release.xcconfig */;
			buildSettings = {
				ASSETCATALOG_COMPILER_APPICON_NAME = AppIcon;
				CODE_SIGN_STYLE = Automatic;
				INFOPLIST_FILE = MVVMTableView/Info.plist;
				LD_RUNPATH_SEARCH_PATHS = (
					"$(inherited)",
					"@executable_path/Frameworks",
				);
				PRODUCT_BUNDLE_IDENTIFIER = com.365goodluck.MVVMTableView;
				PRODUCT_NAME = "$(TARGET_NAME)";
				TARGETED_DEVICE_FAMILY = 1;
			};
			name = Release;
		};
/* End XCBuildConfiguration section */

/* Begin XCConfigurationList section */
		074E6FFB23ACA2DE00B043D1 /* Build configuration list for PBXProject "MVVMTableView" */ = {
			isa = XCConfigurationList;
			buildConfigurations = (
				074E701723ACA2DF00B043D1 /* Debug */,
				074E701823ACA2DF00B043D1 /* Release */,
			);
			defaultConfigurationIsVisible = 0;
			defaultConfigurationName = Release;
		};
		074E701923ACA2DF00B043D1 /* Build configuration list for PBXNativeTarget "MVVMTableView" */ = {
			isa = XCConfigurationList;
			buildConfigurations = (
				074E701A23ACA2DF00B043D1 /* Debug */,
				074E701B23ACA2DF00B043D1 /* Release */,
			);
			defaultConfigurationIsVisible = 0;
			defaultConfigurationName = Release;
		};
/* End XCConfigurationList section */
	};
	rootObject = 074E6FF823ACA2DE00B043D1 /* Project object */;
}
